
Microsoft Visual Studio Solution File, Format Version 12.00
# Visual Studio 2012
Project("{FAE04EC0-301F-11D3-BF4B-00C04F79EFBC}") = "add3", "add3\add3.csproj", "{28EB87C8-133B-4D9B-8161-D52FB2345CED}"
EndProject
Project("{FAE04EC0-301F-11D3-BF4B-00C04F79EFBC}") = "Overflow_to_Positive", "Overflow_to_Positive\Overflow_to_Positive.csproj", "{9F178A74-A647-479B-BB53-1A06942628D3}"
EndProject
Project("{FAE04EC0-301F-11D3-BF4B-00C04F79EFBC}") = "Hmwk2", "Hmwk2\Hmwk2.csproj", "{5020F9C0-40FD-4914-8B7A-BE420E4CBA1F}"
EndProject
Project("{FAE04EC0-301F-11D3-BF4B-00C04F79EFBC}") = "ui", "ui\ui.csproj", "{DC88927E-04FA-4738-A07B-D5188AEAB924}"
EndProject
Project("{FAE04EC0-301F-11D3-BF4B-00C04F79EFBC}") = "uifnt", "uifnt\uifnt.csproj", "{9719E25D-D16B-40FA-AD7D-3471A1E73EE1}"
EndProject
Project("{FAE04EC0-301F-11D3-BF4B-00C04F79EFBC}") = "appointment", "appointment\appointment.csproj", "{C0532972-20D5-4945-811B-7B4165C801A5}"
EndProject
Project("{FAE04EC0-301F-11D3-BF4B-00C04F79EFBC}") = "Hmwk1", "Hmwk1\Hmwk1.csproj", "{F3337993-38F0-4C8A-92BF-2895D009FEAE}"
EndProject
Project("{FAE04EC0-301F-11D3-BF4B-00C04F79EFBC}") = "Division_Sentences_Lab", "Division_Sentences_Lab\Division_Sentences_Lab.csproj", "{E51C6F4A-DA28-4796-8A4F-292117722B85}"
EndProject
Project("{FAE04EC0-301F-11D3-BF4B-00C04F79EFBC}") = "quotient", "quotient2\quotient.csproj", "{6757FA77-4713-468F-94D7-16C7ADDB2D59}"
EndProject
Global
	GlobalSection(SolutionConfigurationPlatforms) = preSolution
		Debug|x86 = Debug|x86
		Release|x86 = Release|x86
	EndGlobalSection
	GlobalSection(ProjectConfigurationPlatforms) = postSolution
		{28EB87C8-133B-4D9B-8161-D52FB2345CED}.Debug|x86.ActiveCfg = Debug|x86
		{28EB87C8-133B-4D9B-8161-D52FB2345CED}.Debug|x86.Build.0 = Debug|x86
		{28EB87C8-133B-4D9B-8161-D52FB2345CED}.Release|x86.ActiveCfg = Release|x86
		{28EB87C8-133B-4D9B-8161-D52FB2345CED}.Release|x86.Build.0 = Release|x86
		{5020F9C0-40FD-4914-8B7A-BE420E4CBA1F}.Debug|x86.ActiveCfg = Debug|x86
		{5020F9C0-40FD-4914-8B7A-BE420E4CBA1F}.Debug|x86.Build.0 = Debug|x86
		{5020F9C0-40FD-4914-8B7A-BE420E4CBA1F}.Release|x86.ActiveCfg = Release|x86
		{5020F9C0-40FD-4914-8B7A-BE420E4CBA1F}.Release|x86.Build.0 = Release|x86
		{6757FA77-4713-468F-94D7-16C7ADDB2D59}.Debug|x86.ActiveCfg = Debug|x86
		{6757FA77-4713-468F-94D7-16C7ADDB2D59}.Debug|x86.Build.0 = Debug|x86
		{6757FA77-4713-468F-94D7-16C7ADDB2D59}.Release|x86.ActiveCfg = Release|x86
		{6757FA77-4713-468F-94D7-16C7ADDB2D59}.Release|x86.Build.0 = Release|x86
		{9719E25D-D16B-40FA-AD7D-3471A1E73EE1}.Debug|x86.ActiveCfg = Debug|x86
		{9719E25D-D16B-40FA-AD7D-3471A1E73EE1}.Debug|x86.Build.0 = Debug|x86
		{9719E25D-D16B-40FA-AD7D-3471A1E73EE1}.Release|x86.ActiveCfg = Release|x86
		{9719E25D-D16B-40FA-AD7D-3471A1E73EE1}.Release|x86.Build.0 = Release|x86
		{9F178A74-A647-479B-BB53-1A06942628D3}.Debug|x86.ActiveCfg = Debug|x86
		{9F178A74-A647-479B-BB53-1A06942628D3}.Debug|x86.Build.0 = Debug|x86
		{9F178A74-A647-479B-BB53-1A06942628D3}.Release|x86.ActiveCfg = Release|x86
		{9F178A74-A647-479B-BB53-1A06942628D3}.Release|x86.Build.0 = Release|x86
		{C0532972-20D5-4945-811B-7B4165C801A5}.Debug|x86.ActiveCfg = Debug|x86
		{C0532972-20D5-4945-811B-7B4165C801A5}.Debug|x86.Build.0 = Debug|x86
		{C0532972-20D5-4945-811B-7B4165C801A5}.Release|x86.ActiveCfg = Release|x86
		{C0532972-20D5-4945-811B-7B4165C801A5}.Release|x86.Build.0 = Release|x86
		{DC88927E-04FA-4738-A07B-D5188AEAB924}.Debug|x86.ActiveCfg = Debug|Any CPU
		{DC88927E-04FA-4738-A07B-D5188AEAB924}.Debug|x86.Build.0 = Debug|Any CPU
		{DC88927E-04FA-4738-A07B-D5188AEAB924}.Release|x86.ActiveCfg = Release|Any CPU
		{DC88927E-04FA-4738-A07B-D5188AEAB924}.Release|x86.Build.0 = Release|Any CPU
		{E51C6F4A-DA28-4796-8A4F-292117722B85}.Debug|x86.ActiveCfg = Debug|x86
		{E51C6F4A-DA28-4796-8A4F-292117722B85}.Debug|x86.Build.0 = Debug|x86
		{E51C6F4A-DA28-4796-8A4F-292117722B85}.Release|x86.ActiveCfg = Release|x86
		{E51C6F4A-DA28-4796-8A4F-292117722B85}.Release|x86.Build.0 = Release|x86
		{F3337993-38F0-4C8A-92BF-2895D009FEAE}.Debug|x86.ActiveCfg = Debug|x86
		{F3337993-38F0-4C8A-92BF-2895D009FEAE}.Debug|x86.Build.0 = Debug|x86
		{F3337993-38F0-4C8A-92BF-2895D009FEAE}.Release|x86.ActiveCfg = Release|x86
		{F3337993-38F0-4C8A-92BF-2895D009FEAE}.Release|x86.Build.0 = Release|x86
	EndGlobalSection
	GlobalSection(MonoDevelopProperties) = preSolution
		Policies = $0
		$0.TextStylePolicy = $1
		$1.FileWidth = 120
		$1.TabWidth = 3
		$1.IndentWidth = 3
		$1.NoTabsAfterNonTabs = True
		$1.inheritsSet = VisualStudio
		$1.inheritsScope = text/plain
		$1.scope = text/plain
	EndGlobalSection
EndGlobal
