
Microsoft Visual Studio Solution File, Format Version 12.00
# Visual Studio 2012
Project("{FAE04EC0-301F-11D3-BF4B-00C04F79EFBC}") = "grade_file4", "grade_file4\grade_file4.csproj", "{608D4429-78E6-4BEF-B080-2C6BDE18A6E6}"
EndProject
Global
	GlobalSection(SolutionConfigurationPlatforms) = preSolution
		Debug|x86 = Debug|x86
		Release|x86 = Release|x86
	EndGlobalSection
	GlobalSection(ProjectConfigurationPlatforms) = postSolution
		{608D4429-78E6-4BEF-B080-2C6BDE18A6E6}.Debug|x86.ActiveCfg = Debug|x86
		{608D4429-78E6-4BEF-B080-2C6BDE18A6E6}.Debug|x86.Build.0 = Debug|x86
		{608D4429-78E6-4BEF-B080-2C6BDE18A6E6}.Release|x86.ActiveCfg = Release|x86
		{608D4429-78E6-4BEF-B080-2C6BDE18A6E6}.Release|x86.Build.0 = Release|x86
	EndGlobalSection
EndGlobal
